
Microsoft Visual Studio Solution File, Format Version 12.00
# Visual Studio Version 17
VisualStudioVersion = 17.4.33213.308
MinimumVisualStudioVersion = 10.0.40219.1
Project("{9A19103F-16F7-4668-BE54-9A1E7A4F7556}") = "WpfLab2", "WpfLab2\WpfLab2.csproj", "{9E32D135-5EF1-435D-ADCF-C12DC286E392}"
EndProject
Project("{9A19103F-16F7-4668-BE54-9A1E7A4F7556}") = "PlugIns", "PlugIns\PlugIns.csproj", "{D559F06D-47A7-4D6B-84CA-4075E3362DE4}"
EndProject
Project("{9A19103F-16F7-4668-BE54-9A1E7A4F7556}") = "LoadPlugin", "LoadPlugin\LoadPlugin.csproj", "{074E3CED-8AF0-4314-B96E-5E843F614879}"
EndProject
Global
	GlobalSection(SolutionConfigurationPlatforms) = preSolution
		Debug|Any CPU = Debug|Any CPU
		Release|Any CPU = Release|Any CPU
	EndGlobalSection
	GlobalSection(ProjectConfigurationPlatforms) = postSolution
		{9E32D135-5EF1-435D-ADCF-C12DC286E392}.Debug|Any CPU.ActiveCfg = Debug|Any CPU
		{9E32D135-5EF1-435D-ADCF-C12DC286E392}.Debug|Any CPU.Build.0 = Debug|Any CPU
		{9E32D135-5EF1-435D-ADCF-C12DC286E392}.Release|Any CPU.ActiveCfg = Release|Any CPU
		{9E32D135-5EF1-435D-ADCF-C12DC286E392}.Release|Any CPU.Build.0 = Release|Any CPU
		{D559F06D-47A7-4D6B-84CA-4075E3362DE4}.Debug|Any CPU.ActiveCfg = Debug|Any CPU
		{D559F06D-47A7-4D6B-84CA-4075E3362DE4}.Debug|Any CPU.Build.0 = Debug|Any CPU
		{D559F06D-47A7-4D6B-84CA-4075E3362DE4}.Release|Any CPU.ActiveCfg = Release|Any CPU
		{D559F06D-47A7-4D6B-84CA-4075E3362DE4}.Release|Any CPU.Build.0 = Release|Any CPU
		{074E3CED-8AF0-4314-B96E-5E843F614879}.Debug|Any CPU.ActiveCfg = Debug|Any CPU
		{074E3CED-8AF0-4314-B96E-5E843F614879}.Debug|Any CPU.Build.0 = Debug|Any CPU
		{074E3CED-8AF0-4314-B96E-5E843F614879}.Release|Any CPU.ActiveCfg = Release|Any CPU
		{074E3CED-8AF0-4314-B96E-5E843F614879}.Release|Any CPU.Build.0 = Release|Any CPU
	EndGlobalSection
	GlobalSection(SolutionProperties) = preSolution
		HideSolutionNode = FALSE
	EndGlobalSection
	GlobalSection(ExtensibilityGlobals) = postSolution
		SolutionGuid = {022BCF0B-83D5-4156-AB73-30F29F9AA512}
	EndGlobalSection
EndGlobal
